{
    "_readme": [
        "This file locks the dependencies of your project to a known state",
        "Read more about it at http://getcomposer.org/doc/01-basic-usage.md#composer-lock-the-lock-file",
        "This file is @generated automatically"
    ],
    "hash": "685149031d25a3b21e96a3ce3a45a408",
    "packages": [
        {
            "name": "dominionenterprises/util",
            "version": "v1.7.0",
            "source": {
                "type": "git",
                "url": "https://github.com/dominionenterprises/util-php.git",
                "reference": "784ebca6a60f724633c35ffdbfa59cb14c327f51"
            },
            "dist": {
                "type": "zip",
                "url": "https://api.github.com/repos/dominionenterprises/util-php/zipball/784ebca6a60f724633c35ffdbfa59cb14c327f51",
                "reference": "784ebca6a60f724633c35ffdbfa59cb14c327f51",
                "shasum": ""
            },
            "require": {
                "php": "~5.4"
            },
            "require-dev": {
                "dominionenterprises/dws-coding-standard": "~1.1",
                "phpunit/phpunit": "~4.0",
                "squizlabs/php_codesniffer": "~1.5"
            },
            "type": "library",
            "autoload": {
                "psr-4": {
                    "DominionEnterprises\\": "src"
                }
            },
            "notification-url": "https://packagist.org/downloads/",
            "license": [
                "MIT"
            ],
            "authors": [
                {
                    "name": "Spencer Rinehart",
                    "email": "anubis@overthemonkey.com",
                    "role": "Developer"
                },
                {
                    "name": "Jonathan Gaillard",
                    "email": "jonathan.gaillard@dominionenterprises.com",
                    "role": "Developer"
                },
                {
                    "name": "Chad Gray",
                    "email": "chadwickgray@gmail.com",
                    "role": "Developer"
                }
            ],
            "description": "A collection of utility classes",
            "keywords": [
                "utility"
            ],
            "time": "2014-08-27 16:36:38"
        },
        {
            "name": "jenssegers/chef",
            "version": "dev-master",
            "source": {
                "type": "git",
                "url": "https://github.com/jenssegers/php-chef.git",
                "reference": "f08c853eb4db6d0ef7f0d04953059a347f0948e3"
            },
            "dist": {
                "type": "zip",
                "url": "https://api.github.com/repos/jenssegers/php-chef/zipball/f08c853eb4db6d0ef7f0d04953059a347f0948e3",
                "reference": "f08c853eb4db6d0ef7f0d04953059a347f0948e3",
                "shasum": ""
            },
            "require": {
                "ext-curl": "*",
                "ext-json": "*",
                "ext-mcrypt": "*",
                "ext-openssl": "*",
                "php": ">=5.3.0"
            },
            "type": "library",
            "autoload": {
                "psr-0": {
                    "Jenssegers\\Chef": "src/"
                }
            },
            "notification-url": "https://packagist.org/downloads/",
            "license": [
                "MIT"
            ],
            "authors": [
                {
                    "name": "Jens Segers",
                    "email": "hello@jenssegers.be"
                }
            ],
            "description": "Opscode Chef API library",
            "keywords": [
                "chef",
                "laravel"
            ],
            "time": "2014-03-25 11:32:29"
        },
        {
            "name": "nubs/hiatus",
            "version": "1.2.1",
            "source": {
                "type": "git",
                "url": "https://github.com/nubs/hiatus.git",
                "reference": "1900313914fd70e27e2377d6cde4337d9494ab5e"
            },
            "dist": {
                "type": "zip",
                "url": "https://api.github.com/repos/nubs/hiatus/zipball/1900313914fd70e27e2377d6cde4337d9494ab5e",
                "reference": "1900313914fd70e27e2377d6cde4337d9494ab5e",
                "shasum": ""
            },
            "require": {
                "php": ">=5.4.0"
            },
            "type": "library",
            "autoload": {
                "files": [
                    "src/hiatus.php"
                ]
            },
            "notification-url": "https://packagist.org/downloads/",
            "license": [
                "MIT"
            ],
            "authors": [
                {
                    "name": "Spencer Rinehart",
                    "email": "anubis@overthemonkey.com",
                    "role": "Developer"
                }
            ],
            "description": "A library for executing shell commands with an optional timeout.",
            "keywords": [
                "exec",
                "execution",
                "shell",
                "timeout"
            ],
            "time": "2013-07-16 15:22:11"
        }
    ],
    "packages-dev": [

    ],
    "aliases": [

    ],
    "minimum-stability": "stable",
    "stability-flags": {
        "jenssegers/chef": 20
    },
    "prefer-stable": false,
    "platform": {
        "php": "~5.4"
    },
    "platform-dev": [

    ]
}
