{
    "_readme": [
        "This file locks the dependencies of your project to a known state",
        "Read more about it at http://getcomposer.org/doc/01-basic-usage.md#composer-lock-the-lock-file"
    ],
    "hash": "0680951c80dfd688d04848551599e567",
    "packages": [
        {
            "name": "dominionenterprises/util",
            "version": "v1.1.0",
            "source": {
                "type": "git",
                "url": "https://github.com/dominionenterprises/util-php.git",
                "reference": "ce4f76c01f2a1f804d36ff94a1401f8bfdd313fd"
            },
            "dist": {
                "type": "zip",
                "url": "https://api.github.com/repos/dominionenterprises/util-php/zipball/ce4f76c01f2a1f804d36ff94a1401f8bfdd313fd",
                "reference": "ce4f76c01f2a1f804d36ff94a1401f8bfdd313fd",
                "shasum": ""
            },
            "require": {
                "php": ">=5.3.2"
            },
            "require-dev": {
                "dominionenterprises/dws-coding-standard": "~1.1",
                "lib-libxml": "*",
                "phpunit/phpunit": "~3.7.19"
            },
            "type": "library",
            "autoload": {
                "psr-0": {
                    "DominionEnterprises": "src"
                }
            },
            "notification-url": "https://packagist.org/downloads/",
            "license": [
                "MIT"
            ],
            "authors": [
                {
                    "name": "Spencer Rinehart",
                    "email": "anubis@overthemonkey.com",
                    "role": "Developer"
                },
                {
                    "name": "Jonathan Gaillard",
                    "email": "jonathan.gaillard@dominionenterprises.com",
                    "role": "Developer"
                },
                {
                    "name": "Chad Gray",
                    "email": "chadwickgray@gmail.com",
                    "role": "Developer"
                }
            ],
            "description": "A collection of utility classes",
            "keywords": [
                "utility"
            ],
            "time": "2014-01-16 16:54:21"
        },
        {
            "name": "jenssegers/chef",
            "version": "dev-master",
            "source": {
                "type": "git",
                "url": "https://github.com/jenssegers/php-chef.git",
                "reference": "ec1c3a021316d137ad306d9eb5706aa367c6a654"
            },
            "dist": {
                "type": "zip",
                "url": "https://api.github.com/repos/jenssegers/php-chef/zipball/ec1c3a021316d137ad306d9eb5706aa367c6a654",
                "reference": "ec1c3a021316d137ad306d9eb5706aa367c6a654",
                "shasum": ""
            },
            "require": {
                "ext-curl": "*",
                "ext-json": "*",
                "ext-openssl": "*",
                "php": ">=5.3.0"
            },
            "type": "library",
            "autoload": {
                "psr-0": {
                    "Jenssegers\\Chef": "src/"
                }
            },
            "notification-url": "https://packagist.org/downloads/",
            "license": [
                "MIT"
            ],
            "authors": [
                {
                    "name": "Jens Segers",
                    "email": "hello@jenssegers.be"
                }
            ],
            "description": "Opscode Chef API library",
            "keywords": [
                "chef",
                "laravel"
            ],
            "time": "2014-02-20 13:31:48"
        },
        {
            "name": "nubs/hiatus",
            "version": "1.2.1",
            "source": {
                "type": "git",
                "url": "https://github.com/nubs/hiatus.git",
                "reference": "1900313914fd70e27e2377d6cde4337d9494ab5e"
            },
            "dist": {
                "type": "zip",
                "url": "https://api.github.com/repos/nubs/hiatus/zipball/1900313914fd70e27e2377d6cde4337d9494ab5e",
                "reference": "1900313914fd70e27e2377d6cde4337d9494ab5e",
                "shasum": ""
            },
            "require": {
                "php": ">=5.4.0"
            },
            "type": "library",
            "autoload": {
                "files": [
                    "src/hiatus.php"
                ]
            },
            "notification-url": "https://packagist.org/downloads/",
            "license": [
                "MIT"
            ],
            "authors": [
                {
                    "name": "Spencer Rinehart",
                    "email": "anubis@overthemonkey.com",
                    "role": "Developer"
                }
            ],
            "description": "A library for executing shell commands with an optional timeout.",
            "keywords": [
                "exec",
                "execution",
                "shell",
                "timeout"
            ],
            "time": "2013-07-16 15:22:11"
        }
    ],
    "packages-dev": [

    ],
    "aliases": [

    ],
    "minimum-stability": "stable",
    "stability-flags": {
        "jenssegers/chef": 20
    },
    "platform": {
        "php": ">=5.3.2"
    },
    "platform-dev": [

    ]
}
